
Microsoft Visual Studio Solution File, Format Version 12.00
# Visual Studio Version 17
VisualStudioVersion = 17.7.34221.43
MinimumVisualStudioVersion = 10.0.40219.1
Project("{FAE04EC0-301F-11D3-BF4B-00C04F79EFBC}") = "AccessModifier", "AccessModifier\AccessModifier.csproj", "{5785B7D8-CEA2-4A62-A8DE-956841592E2E}"
EndProject
Global
	GlobalSection(SolutionConfigurationPlatforms) = preSolution
		Debug|Any CPU = Debug|Any CPU
		Release|Any CPU = Release|Any CPU
	EndGlobalSection
	GlobalSection(ProjectConfigurationPlatforms) = postSolution
		{5785B7D8-CEA2-4A62-A8DE-956841592E2E}.Debug|Any CPU.ActiveCfg = Debug|Any CPU
		{5785B7D8-CEA2-4A62-A8DE-956841592E2E}.Debug|Any CPU.Build.0 = Debug|Any CPU
		{5785B7D8-CEA2-4A62-A8DE-956841592E2E}.Release|Any CPU.ActiveCfg = Release|Any CPU
		{5785B7D8-CEA2-4A62-A8DE-956841592E2E}.Release|Any CPU.Build.0 = Release|Any CPU
	EndGlobalSection
	GlobalSection(SolutionProperties) = preSolution
		HideSolutionNode = FALSE
	EndGlobalSection
	GlobalSection(ExtensibilityGlobals) = postSolution
		SolutionGuid = {477B1536-3603-4CAC-8796-3E749E968AE0}
	EndGlobalSection
EndGlobal
