
Microsoft Visual Studio Solution File, Format Version 12.00
# Visual Studio Version 17
VisualStudioVersion = 17.7.34221.43
MinimumVisualStudioVersion = 10.0.40219.1
Project("{FAE04EC0-301F-11D3-BF4B-00C04F79EFBC}") = "MethodOverriding", "MethodOverriding\MethodOverriding.csproj", "{299787D0-9805-46B5-A3CE-CB188B81349F}"
EndProject
Global
	GlobalSection(SolutionConfigurationPlatforms) = preSolution
		Debug|Any CPU = Debug|Any CPU
		Release|Any CPU = Release|Any CPU
	EndGlobalSection
	GlobalSection(ProjectConfigurationPlatforms) = postSolution
		{299787D0-9805-46B5-A3CE-CB188B81349F}.Debug|Any CPU.ActiveCfg = Debug|Any CPU
		{299787D0-9805-46B5-A3CE-CB188B81349F}.Debug|Any CPU.Build.0 = Debug|Any CPU
		{299787D0-9805-46B5-A3CE-CB188B81349F}.Release|Any CPU.ActiveCfg = Release|Any CPU
		{299787D0-9805-46B5-A3CE-CB188B81349F}.Release|Any CPU.Build.0 = Release|Any CPU
	EndGlobalSection
	GlobalSection(SolutionProperties) = preSolution
		HideSolutionNode = FALSE
	EndGlobalSection
	GlobalSection(ExtensibilityGlobals) = postSolution
		SolutionGuid = {445A2BC9-1D3A-432F-A3D3-69B26E510B49}
	EndGlobalSection
EndGlobal
