
Microsoft Visual Studio Solution File, Format Version 12.00
# Visual Studio Version 17
VisualStudioVersion = 17.7.34221.43
MinimumVisualStudioVersion = 10.0.40219.1
Project("{FAE04EC0-301F-11D3-BF4B-00C04F79EFBC}") = "DictionaryKV", "DictionaryKV\DictionaryKV.csproj", "{BB679F32-B6A6-4661-8504-90845FFFCD15}"
EndProject
Global
	GlobalSection(SolutionConfigurationPlatforms) = preSolution
		Debug|Any CPU = Debug|Any CPU
		Release|Any CPU = Release|Any CPU
	EndGlobalSection
	GlobalSection(ProjectConfigurationPlatforms) = postSolution
		{BB679F32-B6A6-4661-8504-90845FFFCD15}.Debug|Any CPU.ActiveCfg = Debug|Any CPU
		{BB679F32-B6A6-4661-8504-90845FFFCD15}.Debug|Any CPU.Build.0 = Debug|Any CPU
		{BB679F32-B6A6-4661-8504-90845FFFCD15}.Release|Any CPU.ActiveCfg = Release|Any CPU
		{BB679F32-B6A6-4661-8504-90845FFFCD15}.Release|Any CPU.Build.0 = Release|Any CPU
	EndGlobalSection
	GlobalSection(SolutionProperties) = preSolution
		HideSolutionNode = FALSE
	EndGlobalSection
	GlobalSection(ExtensibilityGlobals) = postSolution
		SolutionGuid = {3728E599-7829-4808-B19E-F5DDF36226D5}
	EndGlobalSection
EndGlobal
