
Microsoft Visual Studio Solution File, Format Version 12.00
# Visual Studio Version 17
VisualStudioVersion = 17.7.34221.43
MinimumVisualStudioVersion = 10.0.40219.1
Project("{FAE04EC0-301F-11D3-BF4B-00C04F79EFBC}") = "StaticMethod", "StaticMethod\StaticMethod.csproj", "{FCBDB802-9403-4971-A4D2-799E2F9AD40C}"
EndProject
Global
	GlobalSection(SolutionConfigurationPlatforms) = preSolution
		Debug|Any CPU = Debug|Any CPU
		Release|Any CPU = Release|Any CPU
	EndGlobalSection
	GlobalSection(ProjectConfigurationPlatforms) = postSolution
		{FCBDB802-9403-4971-A4D2-799E2F9AD40C}.Debug|Any CPU.ActiveCfg = Debug|Any CPU
		{FCBDB802-9403-4971-A4D2-799E2F9AD40C}.Debug|Any CPU.Build.0 = Debug|Any CPU
		{FCBDB802-9403-4971-A4D2-799E2F9AD40C}.Release|Any CPU.ActiveCfg = Release|Any CPU
		{FCBDB802-9403-4971-A4D2-799E2F9AD40C}.Release|Any CPU.Build.0 = Release|Any CPU
	EndGlobalSection
	GlobalSection(SolutionProperties) = preSolution
		HideSolutionNode = FALSE
	EndGlobalSection
	GlobalSection(ExtensibilityGlobals) = postSolution
		SolutionGuid = {A99A7B39-4F5E-46A5-BE3F-55279F5E0414}
	EndGlobalSection
EndGlobal
